// !$*UTF8*$!
{
	archiveVersion = 1;
	classes = {
	};
	objectVersion = 77;
	objects = {

/* Begin PBXBuildFile section */
		A291AA492D7D32B0004C4C4B /* FirebaseAnalytics in Frameworks */ = {isa = PBXBuildFile; productRef = A291AA482D7D32B0004C4C4B /* FirebaseAnalytics */; };
		A291AA4B2D7D32B0004C4C4B /* FirebaseAuth in Frameworks */ = {isa = PBXBuildFile; productRef = A291AA4A2D7D32B0004C4C4B /* FirebaseAuth */; };
		A291AA4D2D7D32B0004C4C4B /* FirebaseAuthCombine-Community in Frameworks */ = {isa = PBXBuildFile; productRef = A291AA4C2D7D32B0004C4C4B /* FirebaseAuthCombine-Community */; };
		A291AA4F2D7D32B0004C4C4B /* FirebaseDatabase in Frameworks */ = {isa = PBXBuildFile; productRef = A291AA4E2D7D32B0004C4C4B /* FirebaseDatabase */; };
		A291AA512D7D32B0004C4C4B /* FirebaseFirestore in Frameworks */ = {isa = PBXBuildFile; productRef = A291AA502D7D32B0004C4C4B /* FirebaseFirestore */; };
		A291AA532D7D32B0004C4C4B /* FirebaseFirestoreCombine-Community in Frameworks */ = {isa = PBXBuildFile; productRef = A291AA522D7D32B0004C4C4B /* FirebaseFirestoreCombine-Community */; };
		A291AA572D7D32B0004C4C4B /* FirebaseStorage in Frameworks */ = {isa = PBXBuildFile; productRef = A291AA562D7D32B0004C4C4B /* FirebaseStorage */; };
		A291AA592D7D32B0004C4C4B /* FirebaseStorageCombine-Community in Frameworks */ = {isa = PBXBuildFile; productRef = A291AA582D7D32B0004C4C4B /* FirebaseStorageCombine-Community */; };
/* End PBXBuildFile section */

/* Begin PBXContainerItemProxy section */
		A291AA1D2D7C9DEB004C4C4B /* PBXContainerItemProxy */ = {
			isa = PBXContainerItemProxy;
			containerPortal = A291AA042D7C9DEA004C4C4B /* Project object */;
			proxyType = 1;
			remoteGlobalIDString = A291AA0B2D7C9DEA004C4C4B;
			remoteInfo = Pantry;
		};
		A291AA272D7C9DEB004C4C4B /* PBXContainerItemProxy */ = {
			isa = PBXContainerItemProxy;
			containerPortal = A291AA042D7C9DEA004C4C4B /* Project object */;
			proxyType = 1;
			remoteGlobalIDString = A291AA0B2D7C9DEA004C4C4B;
			remoteInfo = Pantry;
		};
/* End PBXContainerItemProxy section */

/* Begin PBXFileReference section */
		A291AA0C2D7C9DEA004C4C4B /* Pantry.app */ = {isa = PBXFileReference; explicitFileType = wrapper.application; includeInIndex = 0; path = Pantry.app; sourceTree = BUILT_PRODUCTS_DIR; };
		A291AA1C2D7C9DEB004C4C4B /* PantryTests.xctest */ = {isa = PBXFileReference; explicitFileType = wrapper.cfbundle; includeInIndex = 0; path = PantryTests.xctest; sourceTree = BUILT_PRODUCTS_DIR; };
		A291AA262D7C9DEB004C4C4B /* PantryUITests.xctest */ = {isa = PBXFileReference; explicitFileType = wrapper.cfbundle; includeInIndex = 0; path = PantryUITests.xctest; sourceTree = BUILT_PRODUCTS_DIR; };
/* End PBXFileReference section */

/* Begin PBXFileSystemSynchronizedBuildFileExceptionSet section */
		A24D29E42DB5BBFD005EC05C /* Exceptions for "Pantry" folder in "Pantry" target */ = {
			isa = PBXFileSystemSynchronizedBuildFileExceptionSet;
			membershipExceptions = (
				Info.plist,
			);
			target = A291AA0B2D7C9DEA004C4C4B /* Pantry */;
		};
		A28BDA262D7DEB33003B6C90 /* Exceptions for "Pantry" folder in "PantryTests" target */ = {
			isa = PBXFileSystemSynchronizedBuildFileExceptionSet;
			membershipExceptions = (
				"Fonts/Manrope-ExtraBold.ttf",
			);
			target = A291AA1B2D7C9DEB004C4C4B /* PantryTests */;
		};
		A28BDA272D7DEB33003B6C90 /* Exceptions for "Pantry" folder in "PantryUITests" target */ = {
			isa = PBXFileSystemSynchronizedBuildFileExceptionSet;
			membershipExceptions = (
				"Fonts/Manrope-ExtraBold.ttf",
			);
			target = A291AA252D7C9DEB004C4C4B /* PantryUITests */;
		};
/* End PBXFileSystemSynchronizedBuildFileExceptionSet section */

/* Begin PBXFileSystemSynchronizedRootGroup section */
		A291AA0E2D7C9DEA004C4C4B /* Pantry */ = {
			isa = PBXFileSystemSynchronizedRootGroup;
			exceptions = (
				A24D29E42DB5BBFD005EC05C /* Exceptions for "Pantry" folder in "Pantry" target */,
				A28BDA262D7DEB33003B6C90 /* Exceptions for "Pantry" folder in "PantryTests" target */,
				A28BDA272D7DEB33003B6C90 /* Exceptions for "Pantry" folder in "PantryUITests" target */,
			);
			path = Pantry;
			sourceTree = "<group>";
		};
		A291AA1F2D7C9DEB004C4C4B /* PantryTests */ = {
			isa = PBXFileSystemSynchronizedRootGroup;
			path = PantryTests;
			sourceTree = "<group>";
		};
		A291AA292D7C9DEB004C4C4B /* PantryUITests */ = {
			isa = PBXFileSystemSynchronizedRootGroup;
			path = PantryUITests;
			sourceTree = "<group>";
		};
/* End PBXFileSystemSynchronizedRootGroup section */

/* Begin PBXFrameworksBuildPhase section */
		A291AA092D7C9DEA004C4C4B /* Frameworks */ = {
			isa = PBXFrameworksBuildPhase;
			buildActionMask = 2147483647;
			files = (
				A291AA492D7D32B0004C4C4B /* FirebaseAnalytics in Frameworks */,
				A291AA4D2D7D32B0004C4C4B /* FirebaseAuthCombine-Community in Frameworks */,
				A291AA4F2D7D32B0004C4C4B /* FirebaseDatabase in Frameworks */,
				A291AA532D7D32B0004C4C4B /* FirebaseFirestoreCombine-Community in Frameworks */,
				A291AA572D7D32B0004C4C4B /* FirebaseStorage in Frameworks */,
				A291AA512D7D32B0004C4C4B /* FirebaseFirestore in Frameworks */,
				A291AA592D7D32B0004C4C4B /* FirebaseStorageCombine-Community in Frameworks */,
				A291AA4B2D7D32B0004C4C4B /* FirebaseAuth in Frameworks */,
			);
			runOnlyForDeploymentPostprocessing = 0;
		};
		A291AA192D7C9DEB004C4C4B /* Frameworks */ = {
			isa = PBXFrameworksBuildPhase;
			buildActionMask = 2147483647;
			files = (
			);
			runOnlyForDeploymentPostprocessing = 0;
		};
		A291AA232D7C9DEB004C4C4B /* Frameworks */ = {
			isa = PBXFrameworksBuildPhase;
			buildActionMask = 2147483647;
			files = (
			);
			runOnlyForDeploymentPostprocessing = 0;
		};
/* End PBXFrameworksBuildPhase section */

/* Begin PBXGroup section */
		A291AA032D7C9DEA004C4C4B = {
			isa = PBXGroup;
			children = (
				A291AA0E2D7C9DEA004C4C4B /* Pantry */,
				A291AA1F2D7C9DEB004C4C4B /* PantryTests */,
				A291AA292D7C9DEB004C4C4B /* PantryUITests */,
				A291AA0D2D7C9DEA004C4C4B /* Products */,
			);
			sourceTree = "<group>";
		};
		A291AA0D2D7C9DEA004C4C4B /* Products */ = {
			isa = PBXGroup;
			children = (
				A291AA0C2D7C9DEA004C4C4B /* Pantry.app */,
				A291AA1C2D7C9DEB004C4C4B /* PantryTests.xctest */,
				A291AA262D7C9DEB004C4C4B /* PantryUITests.xctest */,
			);
			name = Products;
			sourceTree = "<group>";
		};
/* End PBXGroup section */

/* Begin PBXNativeTarget section */
		A291AA0B2D7C9DEA004C4C4B /* Pantry */ = {
			isa = PBXNativeTarget;
			buildConfigurationList = A291AA302D7C9DEB004C4C4B /* Build configuration list for PBXNativeTarget "Pantry" */;
			buildPhases = (
				A291AA082D7C9DEA004C4C4B /* Sources */,
				A291AA092D7C9DEA004C4C4B /* Frameworks */,
				A291AA0A2D7C9DEA004C4C4B /* Resources */,
			);
			buildRules = (
			);
			dependencies = (
			);
			fileSystemSynchronizedGroups = (
				A291AA0E2D7C9DEA004C4C4B /* Pantry */,
			);
			name = Pantry;
			packageProductDependencies = (
				A291AA482D7D32B0004C4C4B /* FirebaseAnalytics */,
				A291AA4A2D7D32B0004C4C4B /* FirebaseAuth */,
				A291AA4C2D7D32B0004C4C4B /* FirebaseAuthCombine-Community */,
				A291AA4E2D7D32B0004C4C4B /* FirebaseDatabase */,
				A291AA502D7D32B0004C4C4B /* FirebaseFirestore */,
				A291AA522D7D32B0004C4C4B /* FirebaseFirestoreCombine-Community */,
				A291AA562D7D32B0004C4C4B /* FirebaseStorage */,
				A291AA582D7D32B0004C4C4B /* FirebaseStorageCombine-Community */,
			);
			productName = Pantry;
			productReference = A291AA0C2D7C9DEA004C4C4B /* Pantry.app */;
			productType = "com.apple.product-type.application";
		};
		A291AA1B2D7C9DEB004C4C4B /* PantryTests */ = {
			isa = PBXNativeTarget;
			buildConfigurationList = A291AA332D7C9DEB004C4C4B /* Build configuration list for PBXNativeTarget "PantryTests" */;
			buildPhases = (
				A291AA182D7C9DEB004C4C4B /* Sources */,
				A291AA192D7C9DEB004C4C4B /* Frameworks */,
				A291AA1A2D7C9DEB004C4C4B /* Resources */,
			);
			buildRules = (
			);
			dependencies = (
				A291AA1E2D7C9DEB004C4C4B /* PBXTargetDependency */,
			);
			fileSystemSynchronizedGroups = (
				A291AA1F2D7C9DEB004C4C4B /* PantryTests */,
			);
			name = PantryTests;
			packageProductDependencies = (
			);
			productName = PantryTests;
			productReference = A291AA1C2D7C9DEB004C4C4B /* PantryTests.xctest */;
			productType = "com.apple.product-type.bundle.unit-test";
		};
		A291AA252D7C9DEB004C4C4B /* PantryUITests */ = {
			isa = PBXNativeTarget;
			buildConfigurationList = A291AA362D7C9DEB004C4C4B /* Build configuration list for PBXNativeTarget "PantryUITests" */;
			buildPhases = (
				A291AA222D7C9DEB004C4C4B /* Sources */,
				A291AA232D7C9DEB004C4C4B /* Frameworks */,
				A291AA242D7C9DEB004C4C4B /* Resources */,
			);
			buildRules = (
			);
			dependencies = (
				A291AA282D7C9DEB004C4C4B /* PBXTargetDependency */,
			);
			fileSystemSynchronizedGroups = (
				A291AA292D7C9DEB004C4C4B /* PantryUITests */,
			);
			name = PantryUITests;
			packageProductDependencies = (
			);
			productName = PantryUITests;
			productReference = A291AA262D7C9DEB004C4C4B /* PantryUITests.xctest */;
			productType = "com.apple.product-type.bundle.ui-testing";
		};
/* End PBXNativeTarget section */

/* Begin PBXProject section */
		A291AA042D7C9DEA004C4C4B /* Project object */ = {
			isa = PBXProject;
			attributes = {
				BuildIndependentTargetsInParallel = 1;
				LastSwiftUpdateCheck = 1620;
				LastUpgradeCheck = 1620;
				TargetAttributes = {
					A291AA0B2D7C9DEA004C4C4B = {
						CreatedOnToolsVersion = 16.2;
					};
					A291AA1B2D7C9DEB004C4C4B = {
						CreatedOnToolsVersion = 16.2;
						TestTargetID = A291AA0B2D7C9DEA004C4C4B;
					};
					A291AA252D7C9DEB004C4C4B = {
						CreatedOnToolsVersion = 16.2;
						TestTargetID = A291AA0B2D7C9DEA004C4C4B;
					};
				};
			};
			buildConfigurationList = A291AA072D7C9DEA004C4C4B /* Build configuration list for PBXProject "Pantry" */;
			developmentRegion = en;
			hasScannedForEncodings = 0;
			knownRegions = (
				en,
				Base,
			);
			mainGroup = A291AA032D7C9DEA004C4C4B;
			minimizedProjectReferenceProxies = 1;
			packageReferences = (
				A291AA472D7D32B0004C4C4B /* XCRemoteSwiftPackageReference "firebase-ios-sdk" */,
			);
			preferredProjectObjectVersion = 77;
			productRefGroup = A291AA0D2D7C9DEA004C4C4B /* Products */;
			projectDirPath = "";
			projectRoot = "";
			targets = (
				A291AA0B2D7C9DEA004C4C4B /* Pantry */,
				A291AA1B2D7C9DEB004C4C4B /* PantryTests */,
				A291AA252D7C9DEB004C4C4B /* PantryUITests */,
			);
		};
/* End PBXProject section */

/* Begin PBXResourcesBuildPhase section */
		A291AA0A2D7C9DEA004C4C4B /* Resources */ = {
			isa = PBXResourcesBuildPhase;
			buildActionMask = 2147483647;
			files = (
			);
			runOnlyForDeploymentPostprocessing = 0;
		};
		A291AA1A2D7C9DEB004C4C4B /* Resources */ = {
			isa = PBXResourcesBuildPhase;
			buildActionMask = 2147483647;
			files = (
			);
			runOnlyForDeploymentPostprocessing = 0;
		};
		A291AA242D7C9DEB004C4C4B /* Resources */ = {
			isa = PBXResourcesBuildPhase;
			buildActionMask = 2147483647;
			files = (
			);
			runOnlyForDeploymentPostprocessing = 0;
		};
/* End PBXResourcesBuildPhase section */

/* Begin PBXSourcesBuildPhase section */
		A291AA082D7C9DEA004C4C4B /* Sources */ = {
			isa = PBXSourcesBuildPhase;
			buildActionMask = 2147483647;
			files = (
			);
			runOnlyForDeploymentPostprocessing = 0;
		};
		A291AA182D7C9DEB004C4C4B /* Sources */ = {
			isa = PBXSourcesBuildPhase;
			buildActionMask = 2147483647;
			files = (
			);
			runOnlyForDeploymentPostprocessing = 0;
		};
		A291AA222D7C9DEB004C4C4B /* Sources */ = {
			isa = PBXSourcesBuildPhase;
			buildActionMask = 2147483647;
			files = (
			);
			runOnlyForDeploymentPostprocessing = 0;
		};
/* End PBXSourcesBuildPhase section */

/* Begin PBXTargetDependency section */
		A291AA1E2D7C9DEB004C4C4B /* PBXTargetDependency */ = {
			isa = PBXTargetDependency;
			target = A291AA0B2D7C9DEA004C4C4B /* Pantry */;
			targetProxy = A291AA1D2D7C9DEB004C4C4B /* PBXContainerItemProxy */;
		};
		A291AA282D7C9DEB004C4C4B /* PBXTargetDependency */ = {
			isa = PBXTargetDependency;
			target = A291AA0B2D7C9DEA004C4C4B /* Pantry */;
			targetProxy = A291AA272D7C9DEB004C4C4B /* PBXContainerItemProxy */;
		};
/* End PBXTargetDependency section */

/* Begin XCBuildConfiguration section */
		A291AA2E2D7C9DEB004C4C4B /* Debug */ = {
			isa = XCBuildConfiguration;
			buildSettings = {
				ALWAYS_SEARCH_USER_PATHS = NO;
				ASSETCATALOG_COMPILER_GENERATE_SWIFT_ASSET_SYMBOL_EXTENSIONS = YES;
				CLANG_ANALYZER_NONNULL = YES;
				CLANG_ANALYZER_NUMBER_OBJECT_CONVERSION = YES_AGGRESSIVE;
				CLANG_CXX_LANGUAGE_STANDARD = "gnu++20";
				CLANG_ENABLE_MODULES = YES;
				CLANG_ENABLE_OBJC_ARC = YES;
				CLANG_ENABLE_OBJC_WEAK = YES;
				CLANG_WARN_BLOCK_CAPTURE_AUTORELEASING = YES;
				CLANG_WARN_BOOL_CONVERSION = YES;
				CLANG_WARN_COMMA = YES;
				CLANG_WARN_CONSTANT_CONVERSION = YES;
				CLANG_WARN_DEPRECATED_OBJC_IMPLEMENTATIONS = YES;
				CLANG_WARN_DIRECT_OBJC_ISA_USAGE = YES_ERROR;
				CLANG_WARN_DOCUMENTATION_COMMENTS = YES;
				CLANG_WARN_EMPTY_BODY = YES;
				CLANG_WARN_ENUM_CONVERSION = YES;
				CLANG_WARN_INFINITE_RECURSION = YES;
				CLANG_WARN_INT_CONVERSION = YES;
				CLANG_WARN_NON_LITERAL_NULL_CONVERSION = YES;
				CLANG_WARN_OBJC_IMPLICIT_RETAIN_SELF = YES;
				CLANG_WARN_OBJC_LITERAL_CONVERSION = YES;
				CLANG_WARN_OBJC_ROOT_CLASS = YES_ERROR;
				CLANG_WARN_QUOTED_INCLUDE_IN_FRAMEWORK_HEADER = YES;
				CLANG_WARN_RANGE_LOOP_ANALYSIS = YES;
				CLANG_WARN_STRICT_PROTOTYPES = YES;
				CLANG_WARN_SUSPICIOUS_MOVE = YES;
				CLANG_WARN_UNGUARDED_AVAILABILITY = YES_AGGRESSIVE;
				CLANG_WARN_UNREACHABLE_CODE = YES;
				CLANG_WARN__DUPLICATE_METHOD_MATCH = YES;
				COPY_PHASE_STRIP = NO;
				DEBUG_INFORMATION_FORMAT = dwarf;
				ENABLE_STRICT_OBJC_MSGSEND = YES;
				ENABLE_TESTABILITY = YES;
				ENABLE_USER_SCRIPT_SANDBOXING = YES;
				GCC_C_LANGUAGE_STANDARD = gnu17;
				GCC_DYNAMIC_NO_PIC = NO;
				GCC_NO_COMMON_BLOCKS = YES;
				GCC_OPTIMIZATION_LEVEL = 0;
				GCC_PREPROCESSOR_DEFINITIONS = (
					"DEBUG=1",
					"$(inherited)",
				);
				GCC_WARN_64_TO_32_BIT_CONVERSION = YES;
				GCC_WARN_ABOUT_RETURN_TYPE = YES_ERROR;
				GCC_WARN_UNDECLARED_SELECTOR = YES;
				GCC_WARN_UNINITIALIZED_AUTOS = YES_AGGRESSIVE;
				GCC_WARN_UNUSED_FUNCTION = YES;
				GCC_WARN_UNUSED_VARIABLE = YES;
				IPHONEOS_DEPLOYMENT_TARGET = 18.2;
				LOCALIZATION_PREFERS_STRING_CATALOGS = YES;
				MTL_ENABLE_DEBUG_INFO = INCLUDE_SOURCE;
				MTL_FAST_MATH = YES;
				ONLY_ACTIVE_ARCH = YES;
				SDKROOT = iphoneos;
				SWIFT_ACTIVE_COMPILATION_CONDITIONS = "DEBUG $(inherited)";
				SWIFT_OPTIMIZATION_LEVEL = "-Onone";
			};
			name = Debug;
		};
		A291AA2F2D7C9DEB004C4C4B /* Release */ = {
			isa = XCBuildConfiguration;
			buildSettings = {
				ALWAYS_SEARCH_USER_PATHS = NO;
				ASSETCATALOG_COMPILER_GENERATE_SWIFT_ASSET_SYMBOL_EXTENSIONS = YES;
				CLANG_ANALYZER_NONNULL = YES;
				CLANG_ANALYZER_NUMBER_OBJECT_CONVERSION = YES_AGGRESSIVE;
				CLANG_CXX_LANGUAGE_STANDARD = "gnu++20";
				CLANG_ENABLE_MODULES = YES;
				CLANG_ENABLE_OBJC_ARC = YES;
				CLANG_ENABLE_OBJC_WEAK = YES;
				CLANG_WARN_BLOCK_CAPTURE_AUTORELEASING = YES;
				CLANG_WARN_BOOL_CONVERSION = YES;
				CLANG_WARN_COMMA = YES;
				CLANG_WARN_CONSTANT_CONVERSION = YES;
				CLANG_WARN_DEPRECATED_OBJC_IMPLEMENTATIONS = YES;
				CLANG_WARN_DIRECT_OBJC_ISA_USAGE = YES_ERROR;
				CLANG_WARN_DOCUMENTATION_COMMENTS = YES;
				CLANG_WARN_EMPTY_BODY = YES;
				CLANG_WARN_ENUM_CONVERSION = YES;
				CLANG_WARN_INFINITE_RECURSION = YES;
				CLANG_WARN_INT_CONVERSION = YES;
				CLANG_WARN_NON_LITERAL_NULL_CONVERSION = YES;
				CLANG_WARN_OBJC_IMPLICIT_RETAIN_SELF = YES;
				CLANG_WARN_OBJC_LITERAL_CONVERSION = YES;
				CLANG_WARN_OBJC_ROOT_CLASS = YES_ERROR;
				CLANG_WARN_QUOTED_INCLUDE_IN_FRAMEWORK_HEADER = YES;
				CLANG_WARN_RANGE_LOOP_ANALYSIS = YES;
				CLANG_WARN_STRICT_PROTOTYPES = YES;
				CLANG_WARN_SUSPICIOUS_MOVE = YES;
				CLANG_WARN_UNGUARDED_AVAILABILITY = YES_AGGRESSIVE;
				CLANG_WARN_UNREACHABLE_CODE = YES;
				CLANG_WARN__DUPLICATE_METHOD_MATCH = YES;
				COPY_PHASE_STRIP = NO;
				DEBUG_INFORMATION_FORMAT = "dwarf-with-dsym";
				ENABLE_NS_ASSERTIONS = NO;
				ENABLE_STRICT_OBJC_MSGSEND = YES;
				ENABLE_USER_SCRIPT_SANDBOXING = YES;
				GCC_C_LANGUAGE_STANDARD = gnu17;
				GCC_NO_COMMON_BLOCKS = YES;
				GCC_WARN_64_TO_32_BIT_CONVERSION = YES;
				GCC_WARN_ABOUT_RETURN_TYPE = YES_ERROR;
				GCC_WARN_UNDECLARED_SELECTOR = YES;
				GCC_WARN_UNINITIALIZED_AUTOS = YES_AGGRESSIVE;
				GCC_WARN_UNUSED_FUNCTION = YES;
				GCC_WARN_UNUSED_VARIABLE = YES;
				IPHONEOS_DEPLOYMENT_TARGET = 18.2;
				LOCALIZATION_PREFERS_STRING_CATALOGS = YES;
				MTL_ENABLE_DEBUG_INFO = NO;
				MTL_FAST_MATH = YES;
				SDKROOT = iphoneos;
				SWIFT_COMPILATION_MODE = wholemodule;
				VALIDATE_PRODUCT = YES;
			};
			name = Release;
		};
		A291AA312D7C9DEB004C4C4B /* Debug */ = {
			isa = XCBuildConfiguration;
			buildSettings = {
				ASSETCATALOG_COMPILER_APPICON_NAME = AppIcon;
				ASSETCATALOG_COMPILER_GLOBAL_ACCENT_COLOR_NAME = AccentColor;
				CODE_SIGN_STYLE = Automatic;
				CURRENT_PROJECT_VERSION = 1;
				DEVELOPMENT_ASSET_PATHS = "\"Pantry/Preview Content\"";
				DEVELOPMENT_TEAM = X25VNRYK2Y;
				ENABLE_PREVIEWS = YES;
				GENERATE_INFOPLIST_FILE = YES;
				INFOPLIST_FILE = Pantry/Info.plist;
				INFOPLIST_KEY_CFBundleDisplayName = Pantry;
				INFOPLIST_KEY_LSApplicationCategoryType = "public.app-category.food-and-drink";
				INFOPLIST_KEY_NSCameraUsageDescription = "We need to access camera for object detection.";
				INFOPLIST_KEY_UIApplicationSceneManifest_Generation = YES;
				INFOPLIST_KEY_UIApplicationSupportsIndirectInputEvents = YES;
				INFOPLIST_KEY_UILaunchScreen_Generation = YES;
				INFOPLIST_KEY_UISupportedInterfaceOrientations = "UIInterfaceOrientationPortrait UIInterfaceOrientationPortraitUpsideDown";
				IPHONEOS_DEPLOYMENT_TARGET = 17.6;
				LD_RUNPATH_SEARCH_PATHS = (
					"$(inherited)",
					"@executable_path/Frameworks",
				);
				MARKETING_VERSION = 1.0;
				PRODUCT_BUNDLE_IDENTIFIER = shreya.Pantry;
				PRODUCT_NAME = "$(TARGET_NAME)";
				SWIFT_EMIT_LOC_STRINGS = YES;
				SWIFT_VERSION = 5.0;
				TARGETED_DEVICE_FAMILY = "1,2";
			};
			name = Debug;
		};
		A291AA322D7C9DEB004C4C4B /* Release */ = {
			isa = XCBuildConfiguration;
			buildSettings = {
				ASSETCATALOG_COMPILER_APPICON_NAME = AppIcon;
				ASSETCATALOG_COMPILER_GLOBAL_ACCENT_COLOR_NAME = AccentColor;
				CODE_SIGN_STYLE = Automatic;
				CURRENT_PROJECT_VERSION = 1;
				DEVELOPMENT_ASSET_PATHS = "\"Pantry/Preview Content\"";
				DEVELOPMENT_TEAM = X25VNRYK2Y;
				ENABLE_PREVIEWS = YES;
				GENERATE_INFOPLIST_FILE = YES;
				INFOPLIST_FILE = Pantry/Info.plist;
				INFOPLIST_KEY_CFBundleDisplayName = Pantry;
				INFOPLIST_KEY_LSApplicationCategoryType = "public.app-category.food-and-drink";
				INFOPLIST_KEY_NSCameraUsageDescription = "We need to access camera for object detection.";
				INFOPLIST_KEY_UIApplicationSceneManifest_Generation = YES;
				INFOPLIST_KEY_UIApplicationSupportsIndirectInputEvents = YES;
				INFOPLIST_KEY_UILaunchScreen_Generation = YES;
				INFOPLIST_KEY_UISupportedInterfaceOrientations = "UIInterfaceOrientationPortrait UIInterfaceOrientationPortraitUpsideDown";
				IPHONEOS_DEPLOYMENT_TARGET = 17.6;
				LD_RUNPATH_SEARCH_PATHS = (
					"$(inherited)",
					"@executable_path/Frameworks",
				);
				MARKETING_VERSION = 1.0;
				PRODUCT_BUNDLE_IDENTIFIER = shreya.Pantry;
				PRODUCT_NAME = "$(TARGET_NAME)";
				SWIFT_EMIT_LOC_STRINGS = YES;
				SWIFT_VERSION = 5.0;
				TARGETED_DEVICE_FAMILY = "1,2";
			};
			name = Release;
		};
		A291AA342D7C9DEB004C4C4B /* Debug */ = {
			isa = XCBuildConfiguration;
			buildSettings = {
				BUNDLE_LOADER = "$(TEST_HOST)";
				CODE_SIGN_STYLE = Automatic;
				CURRENT_PROJECT_VERSION = 1;
				DEVELOPMENT_TEAM = X25VNRYK2Y;
				GENERATE_INFOPLIST_FILE = YES;
				IPHONEOS_DEPLOYMENT_TARGET = 18.2;
				MARKETING_VERSION = 1.0;
				PRODUCT_BUNDLE_IDENTIFIER = shreya.PantryTests;
				PRODUCT_NAME = "$(TARGET_NAME)";
				SWIFT_EMIT_LOC_STRINGS = NO;
				SWIFT_VERSION = 5.0;
				TARGETED_DEVICE_FAMILY = "1,2";
				TEST_HOST = "$(BUILT_PRODUCTS_DIR)/Pantry.app/$(BUNDLE_EXECUTABLE_FOLDER_PATH)/Pantry";
			};
			name = Debug;
		};
		A291AA352D7C9DEB004C4C4B /* Release */ = {
			isa = XCBuildConfiguration;
			buildSettings = {
				BUNDLE_LOADER = "$(TEST_HOST)";
				CODE_SIGN_STYLE = Automatic;
				CURRENT_PROJECT_VERSION = 1;
				DEVELOPMENT_TEAM = X25VNRYK2Y;
				GENERATE_INFOPLIST_FILE = YES;
				IPHONEOS_DEPLOYMENT_TARGET = 18.2;
				MARKETING_VERSION = 1.0;
				PRODUCT_BUNDLE_IDENTIFIER = shreya.PantryTests;
				PRODUCT_NAME = "$(TARGET_NAME)";
				SWIFT_EMIT_LOC_STRINGS = NO;
				SWIFT_VERSION = 5.0;
				TARGETED_DEVICE_FAMILY = "1,2";
				TEST_HOST = "$(BUILT_PRODUCTS_DIR)/Pantry.app/$(BUNDLE_EXECUTABLE_FOLDER_PATH)/Pantry";
			};
			name = Release;
		};
		A291AA372D7C9DEB004C4C4B /* Debug */ = {
			isa = XCBuildConfiguration;
			buildSettings = {
				CODE_SIGN_STYLE = Automatic;
				CURRENT_PROJECT_VERSION = 1;
				DEVELOPMENT_TEAM = X25VNRYK2Y;
				GENERATE_INFOPLIST_FILE = YES;
				MARKETING_VERSION = 1.0;
				PRODUCT_BUNDLE_IDENTIFIER = shreya.PantryUITests;
				PRODUCT_NAME = "$(TARGET_NAME)";
				SWIFT_EMIT_LOC_STRINGS = NO;
				SWIFT_VERSION = 5.0;
				TARGETED_DEVICE_FAMILY = "1,2";
				TEST_TARGET_NAME = Pantry;
			};
			name = Debug;
		};
		A291AA382D7C9DEB004C4C4B /* Release */ = {
			isa = XCBuildConfiguration;
			buildSettings = {
				CODE_SIGN_STYLE = Automatic;
				CURRENT_PROJECT_VERSION = 1;
				DEVELOPMENT_TEAM = X25VNRYK2Y;
				GENERATE_INFOPLIST_FILE = YES;
				MARKETING_VERSION = 1.0;
				PRODUCT_BUNDLE_IDENTIFIER = shreya.PantryUITests;
				PRODUCT_NAME = "$(TARGET_NAME)";
				SWIFT_EMIT_LOC_STRINGS = NO;
				SWIFT_VERSION = 5.0;
				TARGETED_DEVICE_FAMILY = "1,2";
				TEST_TARGET_NAME = Pantry;
			};
			name = Release;
		};
/* End XCBuildConfiguration section */

/* Begin XCConfigurationList section */
		A291AA072D7C9DEA004C4C4B /* Build configuration list for PBXProject "Pantry" */ = {
			isa = XCConfigurationList;
			buildConfigurations = (
				A291AA2E2D7C9DEB004C4C4B /* Debug */,
				A291AA2F2D7C9DEB004C4C4B /* Release */,
			);
			defaultConfigurationIsVisible = 0;
			defaultConfigurationName = Release;
		};
		A291AA302D7C9DEB004C4C4B /* Build configuration list for PBXNativeTarget "Pantry" */ = {
			isa = XCConfigurationList;
			buildConfigurations = (
				A291AA312D7C9DEB004C4C4B /* Debug */,
				A291AA322D7C9DEB004C4C4B /* Release */,
			);
			defaultConfigurationIsVisible = 0;
			defaultConfigurationName = Release;
		};
		A291AA332D7C9DEB004C4C4B /* Build configuration list for PBXNativeTarget "PantryTests" */ = {
			isa = XCConfigurationList;
			buildConfigurations = (
				A291AA342D7C9DEB004C4C4B /* Debug */,
				A291AA352D7C9DEB004C4C4B /* Release */,
			);
			defaultConfigurationIsVisible = 0;
			defaultConfigurationName = Release;
		};
		A291AA362D7C9DEB004C4C4B /* Build configuration list for PBXNativeTarget "PantryUITests" */ = {
			isa = XCConfigurationList;
			buildConfigurations = (
				A291AA372D7C9DEB004C4C4B /* Debug */,
				A291AA382D7C9DEB004C4C4B /* Release */,
			);
			defaultConfigurationIsVisible = 0;
			defaultConfigurationName = Release;
		};
/* End XCConfigurationList section */

/* Begin XCRemoteSwiftPackageReference section */
		A291AA472D7D32B0004C4C4B /* XCRemoteSwiftPackageReference "firebase-ios-sdk" */ = {
			isa = XCRemoteSwiftPackageReference;
			repositoryURL = "https://github.com/firebase/firebase-ios-sdk";
			requirement = {
				kind = upToNextMajorVersion;
				minimumVersion = 11.9.0;
			};
		};
/* End XCRemoteSwiftPackageReference section */

/* Begin XCSwiftPackageProductDependency section */
		A291AA482D7D32B0004C4C4B /* FirebaseAnalytics */ = {
			isa = XCSwiftPackageProductDependency;
			package = A291AA472D7D32B0004C4C4B /* XCRemoteSwiftPackageReference "firebase-ios-sdk" */;
			productName = FirebaseAnalytics;
		};
		A291AA4A2D7D32B0004C4C4B /* FirebaseAuth */ = {
			isa = XCSwiftPackageProductDependency;
			package = A291AA472D7D32B0004C4C4B /* XCRemoteSwiftPackageReference "firebase-ios-sdk" */;
			productName = FirebaseAuth;
		};
		A291AA4C2D7D32B0004C4C4B /* FirebaseAuthCombine-Community */ = {
			isa = XCSwiftPackageProductDependency;
			package = A291AA472D7D32B0004C4C4B /* XCRemoteSwiftPackageReference "firebase-ios-sdk" */;
			productName = "FirebaseAuthCombine-Community";
		};
		A291AA4E2D7D32B0004C4C4B /* FirebaseDatabase */ = {
			isa = XCSwiftPackageProductDependency;
			package = A291AA472D7D32B0004C4C4B /* XCRemoteSwiftPackageReference "firebase-ios-sdk" */;
			productName = FirebaseDatabase;
		};
		A291AA502D7D32B0004C4C4B /* FirebaseFirestore */ = {
			isa = XCSwiftPackageProductDependency;
			package = A291AA472D7D32B0004C4C4B /* XCRemoteSwiftPackageReference "firebase-ios-sdk" */;
			productName = FirebaseFirestore;
		};
		A291AA522D7D32B0004C4C4B /* FirebaseFirestoreCombine-Community */ = {
			isa = XCSwiftPackageProductDependency;
			package = A291AA472D7D32B0004C4C4B /* XCRemoteSwiftPackageReference "firebase-ios-sdk" */;
			productName = "FirebaseFirestoreCombine-Community";
		};
		A291AA562D7D32B0004C4C4B /* FirebaseStorage */ = {
			isa = XCSwiftPackageProductDependency;
			package = A291AA472D7D32B0004C4C4B /* XCRemoteSwiftPackageReference "firebase-ios-sdk" */;
			productName = FirebaseStorage;
		};
		A291AA582D7D32B0004C4C4B /* FirebaseStorageCombine-Community */ = {
			isa = XCSwiftPackageProductDependency;
			package = A291AA472D7D32B0004C4C4B /* XCRemoteSwiftPackageReference "firebase-ios-sdk" */;
			productName = "FirebaseStorageCombine-Community";
		};
/* End XCSwiftPackageProductDependency section */
	};
	rootObject = A291AA042D7C9DEA004C4C4B /* Project object */;
}
